
Microsoft Visual Studio Solution File, Format Version 12.00
# Visual Studio Version 17
VisualStudioVersion = 17.9.34728.123
MinimumVisualStudioVersion = 10.0.40219.1
Project("{FAE04EC0-301F-11D3-BF4B-00C04F79EFBC}") = "CinemaAPI", "CinemaAPI\CinemaAPI.csproj", "{2F20EBBD-DBFB-40EF-AF73-1B1F3CA7494A}"
EndProject
Project("{FAE04EC0-301F-11D3-BF4B-00C04F79EFBC}") = "Infrastructure", "Inrastructure\Infrastructure.csproj", "{D46471B4-DC59-4E49-A78F-63577FF85FE1}"
EndProject
Project("{FAE04EC0-301F-11D3-BF4B-00C04F79EFBC}") = "Application", "Application\Application.csproj", "{4D07CE04-CC6A-451A-AC23-6C8E227CF9B2}"
EndProject
Project("{FAE04EC0-301F-11D3-BF4B-00C04F79EFBC}") = "Domain", "Domain\Domain.csproj", "{60A92904-6F5F-4E8F-B524-2A8EE5B70029}"
EndProject
Global
	GlobalSection(SolutionConfigurationPlatforms) = preSolution
		Debug|Any CPU = Debug|Any CPU
		Release|Any CPU = Release|Any CPU
	EndGlobalSection
	GlobalSection(ProjectConfigurationPlatforms) = postSolution
		{2F20EBBD-DBFB-40EF-AF73-1B1F3CA7494A}.Debug|Any CPU.ActiveCfg = Debug|Any CPU
		{2F20EBBD-DBFB-40EF-AF73-1B1F3CA7494A}.Debug|Any CPU.Build.0 = Debug|Any CPU
		{2F20EBBD-DBFB-40EF-AF73-1B1F3CA7494A}.Release|Any CPU.ActiveCfg = Release|Any CPU
		{2F20EBBD-DBFB-40EF-AF73-1B1F3CA7494A}.Release|Any CPU.Build.0 = Release|Any CPU
		{D46471B4-DC59-4E49-A78F-63577FF85FE1}.Debug|Any CPU.ActiveCfg = Debug|Any CPU
		{D46471B4-DC59-4E49-A78F-63577FF85FE1}.Debug|Any CPU.Build.0 = Debug|Any CPU
		{D46471B4-DC59-4E49-A78F-63577FF85FE1}.Release|Any CPU.ActiveCfg = Release|Any CPU
		{D46471B4-DC59-4E49-A78F-63577FF85FE1}.Release|Any CPU.Build.0 = Release|Any CPU
		{4D07CE04-CC6A-451A-AC23-6C8E227CF9B2}.Debug|Any CPU.ActiveCfg = Debug|Any CPU
		{4D07CE04-CC6A-451A-AC23-6C8E227CF9B2}.Debug|Any CPU.Build.0 = Debug|Any CPU
		{4D07CE04-CC6A-451A-AC23-6C8E227CF9B2}.Release|Any CPU.ActiveCfg = Release|Any CPU
		{4D07CE04-CC6A-451A-AC23-6C8E227CF9B2}.Release|Any CPU.Build.0 = Release|Any CPU
		{60A92904-6F5F-4E8F-B524-2A8EE5B70029}.Debug|Any CPU.ActiveCfg = Debug|Any CPU
		{60A92904-6F5F-4E8F-B524-2A8EE5B70029}.Debug|Any CPU.Build.0 = Debug|Any CPU
		{60A92904-6F5F-4E8F-B524-2A8EE5B70029}.Release|Any CPU.ActiveCfg = Release|Any CPU
		{60A92904-6F5F-4E8F-B524-2A8EE5B70029}.Release|Any CPU.Build.0 = Release|Any CPU
	EndGlobalSection
	GlobalSection(SolutionProperties) = preSolution
		HideSolutionNode = FALSE
	EndGlobalSection
	GlobalSection(ExtensibilityGlobals) = postSolution
		SolutionGuid = {AE010CA1-CC1B-4700-BE8E-8A6103967EB3}
	EndGlobalSection
EndGlobal
